
Microsoft Visual Studio Solution File, Format Version 12.00
# Visual Studio Version 17
VisualStudioVersion = 17.5.33530.505
MinimumVisualStudioVersion = 10.0.40219.1
Project("{00D1A9C2-B5F0-4AF3-8072-F6C62B433612}") = "SpatialDataProcessing", "ProjektBD2\SpatialDataProcessing.sqlproj", "{3A5E38F1-C9B3-4D1F-9B30-9B3E9D2DDB71}"
EndProject
Global
	GlobalSection(SolutionConfigurationPlatforms) = preSolution
		Debug|Any CPU = Debug|Any CPU
		Release|Any CPU = Release|Any CPU
	EndGlobalSection
	GlobalSection(ProjectConfigurationPlatforms) = postSolution
		{3A5E38F1-C9B3-4D1F-9B30-9B3E9D2DDB71}.Debug|Any CPU.ActiveCfg = Debug|Any CPU
		{3A5E38F1-C9B3-4D1F-9B30-9B3E9D2DDB71}.Debug|Any CPU.Build.0 = Debug|Any CPU
		{3A5E38F1-C9B3-4D1F-9B30-9B3E9D2DDB71}.Debug|Any CPU.Deploy.0 = Debug|Any CPU
		{3A5E38F1-C9B3-4D1F-9B30-9B3E9D2DDB71}.Release|Any CPU.ActiveCfg = Release|Any CPU
		{3A5E38F1-C9B3-4D1F-9B30-9B3E9D2DDB71}.Release|Any CPU.Build.0 = Release|Any CPU
		{3A5E38F1-C9B3-4D1F-9B30-9B3E9D2DDB71}.Release|Any CPU.Deploy.0 = Release|Any CPU
	EndGlobalSection
	GlobalSection(SolutionProperties) = preSolution
		HideSolutionNode = FALSE
	EndGlobalSection
	GlobalSection(ExtensibilityGlobals) = postSolution
		SolutionGuid = {D55E58D0-B544-48B2-B679-5C9FD7A7AF05}
	EndGlobalSection
EndGlobal
